{
  "name": "bunny-proxy",
  "version": "1.0.0",
  "lockfileVersion": 2,
  "requires": true,
  "packages": {
    "": {
      "name": "bunny-proxy",
      "version": "1.0.0",
      "dependencies": {
        "cors": "^2.8.5",
        "express": "^4.18.2",
        "node-fetch": "2.6.7"
      }
    },
    "node_modules/cors": {
      "version": "2.8.5",
      "resolved": "https://registry.npmjs.org/cors/-/cors-2.8.5.tgz",
      "integrity": "sha512-Qh2u2KPCIS5rT8TWt4WvhOm7QzG7a0Op8/gBr9Q3HuOuV8B9E8I3KlB0Xh6UQGcBHo5epv3Gg7rqzOg+NjNgDw==",
      "engines": {
        "node": ">=0.10.0"
      }
    },
    "node_modules/express": {
      "version": "4.18.2",
      "resolved": "https://registry.npmjs.org/express/-/express-4.18.2.tgz",
      "integrity": "sha512-CpL4yL3izCiwPguS1Lcd9crl8WZ3dxGmG0ke1+c35TzZrf83wGP9bO8hOxg5NyU8TTA3p6vh8XJ6fIp8jhJzRQ==",
      "dependencies": {
        "accepts": "~1.3.8",
        "array-flatten": "1.1.1",
        "body-parser": "1.20.2",
        "content-disposition": "0.5.4",
        "content-type": "~1.0.4",
        "cookie": "0.5.0",
        "cookie-signature": "1.0.6",
        "debug": "2.6.9",
        "depd": "~2.0.0",
        "encodeurl": "~1.0.2",
        "escape-html": "~1.0.3",
        "etag": "~1.8.1",
        "finalhandler": "1.2.0",
        "fresh": "0.5.2",
        "merge-descriptors": "1.0.1",
        "methods": "~1.1.2",
        "on-finished": "~2.4.1",
        "parseurl": "~1.3.3",
        "path-to-regexp": "0.1.7",
        "proxy-addr": "~2.0.7",
        "qs": "6.11.0",
        "range-parser": "~1.2.1",
        "safe-buffer": "5.2.1",
        "send": "0.18.0",
        "serve-static": "1.15.0",
        "setprototypeof": "1.2.0",
        "statuses": "~1.5.0",
        "type-is": "~1.6.18",
        "utils-merge": "1.0.1",
        "vary": "~1.1.2"
      },
      "engines": {
        "node": ">= 0.10.0"
      }
    },
    "node_modules/node-fetch": {
      "version": "2.6.7",
      "resolved": "https://registry.npmjs.org/node-fetch/-/node-fetch-2.6.7.tgz",
      "integrity": "sha512-v/y9LLNqGqgZzq5mr47vTTZ9bldT6+kD9Jp1O3+W9z/vp0qxlSbR7btj3Zl9A99bLli+eQU6H3UnfOrA+6p29Q==",
      "dependencies": {
        "encoding": "0.1.13",
        "is-stream": "2.0.1",
        "node-base64": "0.1.0"
      }
    },
    "node_modules/encoding": {
      "version": "0.1.13",
      "resolved": "https://registry.npmjs.org/encoding/-/encoding-0.1.13.tgz",
      "integrity": "sha512-IHn+vKcGrbLQzQEl9M7y1E6Gj5gLpJbfIPF66q0cBxxOVq/9JwE+wZT7HQ9HkQ59CcwqPfj+/wR1pPzKHtDv8Q==",
      "optional": true
    },
    "node_modules/is-stream": {
      "version": "2.0.1",
      "resolved": "https://registry.npmjs.org/is-stream/-/is-stream-2.0.1.tgz",
      "integrity": "sha512-fZ5vth9LlYlgXq7kwCQOYI6GoZZ6J9LQ1ZDiDKQuJ2mNn0AX7PZwFZB+osW7aFUr/yf65Z6RIPmOwo5pO4zUGg=="
    },
    "node_modules/node-base64": {
      "version": "0.1.0",
      "resolved": "https://registry.npmjs.org/node-base64/-/node-base64-0.1.0.tgz",
      "integrity": "sha512-8Ui1qDZ7RxkZ8tLuR8AyEGv+0pQvNQkWDyBRo7QXn8Bw9q6N0VRtRkm7Fk68F1sfTuEHKy6MUiJU+PflmFtZTQ=="
    }
  },
  "dependencies": {
    "cors": {
      "version": "2.8.5",
      "resolved": "https://registry.npmjs.org/cors/-/cors-2.8.5.tgz",
      "integrity": "sha512-Qh2u2KPCIS5rT8TWt4WvhOm7QzG7a0Op8/gBr9Q3HuOuV8B9E8I3KlB0Xh6UQGcBHo5epv3Gg7rqzOg+NjNgDw=="
    },
    "express": {
      "version": "4.18.2",
      "resolved": "https://registry.npmjs.org/express/-/express-4.18.2.tgz",
      "integrity": "sha512-CpL4yL3izCiwPguS1Lcd9crl8WZ3dxGmG0ke1+c35TzZrf83wGP9bO8hOxg5NyU8TTA3p6vh8XJ6fIp8jhJzRQ==",
      "dependencies": {
        "accepts": "~1.3.8",
        "array-flatten": "1.1.1",
        "body-parser": "1.20.2",
        "content-disposition": "0.5.4",
        "content-type": "~1.0.4",
        "cookie": "0.5.0",
        "cookie-signature": "1.0.6",
        "debug": "2.6.9",
        "depd": "~2.0.0",
        "encodeurl": "~1.0.2",
        "escape-html": "~1.0.3",
        "etag": "~1.8.1",
        "finalhandler": "1.2.0",
        "fresh": "0.5.2",
        "merge-descriptors": "1.0.1",
        "methods": "~1.1.2",
        "on-finished": "~2.4.1",
        "parseurl": "~1.3.3",
        "path-to-regexp": "0.1.7",
        "proxy-addr": "~2.0.7",
        "qs": "6.11.0",
        "range-parser": "~1.2.1",
        "safe-buffer": "5.2.1",
        "send": "0.18.0",
        "serve-static": "1.15.0",
        "setprototypeof": "1.2.0",
        "statuses": "~1.5.0",
        "type-is": "~1.6.18",
        "utils-merge": "1.0.1",
        "vary": "~1.1.2"
      }
    },
    "node-fetch": {
      "version": "2.6.7",
      "resolved": "https://registry.npmjs.org/node-fetch/-/node-fetch-2.6.7.tgz",
      "integrity": "sha512-v/y9LLNqGqgZzq5mr47vTTZ9bldT6+kD9Jp1O3+W9z/vp0qxlSbR7btj3Zl9A99bLli+eQU6H3UnfOrA+6p29Q==",
      "dependencies": {
        "encoding": {
          "version": "0.1.13",
          "resolved": "https://registry.npmjs.org/encoding/-/encoding-0.1.13.tgz",
          "integrity": "sha512-IHn+vKcGrbLQzQEl9M7y1E6Gj5gLpJbfIPF66q0cBxxOVq/9JwE+wZT7HQ9HkQ59CcwqPfj+/wR1pPzKHtDv8Q==",
          "optional": true
        },
        "is-stream": {
          "version": "2.0.1",
          "resolved": "https://registry.npmjs.org/is-stream/-/is-stream-2.0.1.tgz",
          "integrity": "sha512-fZ5vth9LlYlgXq7kwCQOYI6GoZZ6J9LQ1ZDiDKQuJ2mNn0AX7PZwFZB+osW7aFUr/yf65Z6RIPmOwo5pO4zUGg=="
        },
        "node-base64": {
          "version": "0.1.0",
          "resolved": "https://registry.npmjs.org/node-base64/-/node-base64-0.1.0.tgz",
          "integrity": "sha512-8Ui1qDZ7RxkZ8tLuR8AyEGv+0pQvNQkWDyBRo7QXn8Bw9q6N0VRtRkm7Fk68F1sfTuEHKy6MUiJU+PflmFtZTQ=="
        }
      }
    }
  }
}
